
Microsoft Visual Studio Solution File, Format Version 12.00
# Visual Studio 15
VisualStudioVersion = 15.0.28010.2048
MinimumVisualStudioVersion = 10.0.40219.1
Project("{FAE04EC0-301F-11D3-BF4B-00C04F79EFBC}") = "StreamingIngestionSample", "StreamingIngestionSample\StreamingIngestionSample.csproj", "{63F38CC7-E9EA-4B48-886A-843C116680DF}"
EndProject
Project("{FAE04EC0-301F-11D3-BF4B-00C04F79EFBC}") = "IngestDataSample", "IngestDataSample\IngestDataSample.csproj", "{4F403CC0-E644-4087-8431-3FCC33646807}"
EndProject
Project("{FAE04EC0-301F-11D3-BF4B-00C04F79EFBC}") = "HelloKusto", "HelloKusto\HelloKusto.csproj", "{05C2BF4A-974F-4489-A627-E4FD2BC7825F}"
EndProject
Global
	GlobalSection(SolutionConfigurationPlatforms) = preSolution
		Debug|Any CPU = Debug|Any CPU
		Release|Any CPU = Release|Any CPU
	EndGlobalSection
	GlobalSection(ProjectConfigurationPlatforms) = postSolution
		{63F38CC7-E9EA-4B48-886A-843C116680DF}.Debug|Any CPU.ActiveCfg = Debug|Any CPU
		{63F38CC7-E9EA-4B48-886A-843C116680DF}.Debug|Any CPU.Build.0 = Debug|Any CPU
		{63F38CC7-E9EA-4B48-886A-843C116680DF}.Release|Any CPU.ActiveCfg = Release|Any CPU
		{63F38CC7-E9EA-4B48-886A-843C116680DF}.Release|Any CPU.Build.0 = Release|Any CPU
		{4F403CC0-E644-4087-8431-3FCC33646807}.Debug|Any CPU.ActiveCfg = Debug|Any CPU
		{4F403CC0-E644-4087-8431-3FCC33646807}.Debug|Any CPU.Build.0 = Debug|Any CPU
		{4F403CC0-E644-4087-8431-3FCC33646807}.Release|Any CPU.ActiveCfg = Release|Any CPU
		{4F403CC0-E644-4087-8431-3FCC33646807}.Release|Any CPU.Build.0 = Release|Any CPU
		{05C2BF4A-974F-4489-A627-E4FD2BC7825F}.Debug|Any CPU.ActiveCfg = Debug|Any CPU
		{05C2BF4A-974F-4489-A627-E4FD2BC7825F}.Debug|Any CPU.Build.0 = Debug|Any CPU
		{05C2BF4A-974F-4489-A627-E4FD2BC7825F}.Release|Any CPU.ActiveCfg = Release|Any CPU
		{05C2BF4A-974F-4489-A627-E4FD2BC7825F}.Release|Any CPU.Build.0 = Release|Any CPU
	EndGlobalSection
	GlobalSection(SolutionProperties) = preSolution
		HideSolutionNode = FALSE
	EndGlobalSection
	GlobalSection(ExtensibilityGlobals) = postSolution
		SolutionGuid = {927CB166-18A1-4BB7-B894-61FC781672FA}
	EndGlobalSection
EndGlobal
