
Microsoft Visual Studio Solution File, Format Version 12.00
# Visual Studio 15
VisualStudioVersion = 15.0.28010.2003
MinimumVisualStudioVersion = 10.0.40219.1
Project("{FAE04EC0-301F-11D3-BF4B-00C04F79EFBC}") = "SendSampleData", "Kafka\SendSampleData.csproj", "{39C6D8A8-E6E7-4140-9DF3-B1F904884C4B}"
EndProject
Global
	GlobalSection(SolutionConfigurationPlatforms) = preSolution
		Debug|Any CPU = Debug|Any CPU
		Release|Any CPU = Release|Any CPU
	EndGlobalSection
	GlobalSection(ProjectConfigurationPlatforms) = postSolution
		{39C6D8A8-E6E7-4140-9DF3-B1F904884C4B}.Debug|Any CPU.ActiveCfg = Debug|Any CPU
		{39C6D8A8-E6E7-4140-9DF3-B1F904884C4B}.Debug|Any CPU.Build.0 = Debug|Any CPU
		{39C6D8A8-E6E7-4140-9DF3-B1F904884C4B}.Release|Any CPU.ActiveCfg = Release|Any CPU
		{39C6D8A8-E6E7-4140-9DF3-B1F904884C4B}.Release|Any CPU.Build.0 = Release|Any CPU
	EndGlobalSection
	GlobalSection(SolutionProperties) = preSolution
		HideSolutionNode = FALSE
	EndGlobalSection
	GlobalSection(ExtensibilityGlobals) = postSolution
		SolutionGuid = {2437AC5E-AA35-4674-B183-7399EF3941AC}
	EndGlobalSection
EndGlobal
